{
  "pins" : [
    {
      "identity" : "bottomsheet",
      "kind" : "remoteSourceControl",
      "location" : "https://github.com/lucaszischka/BottomSheet",
      "state" : {
        "revision" : "e72f137d71ba311e9e3f39b75ed4c0c2c97c8a98",
        "version" : "2.6.0"
      }
    },
    {
      "identity" : "swift-focuser",
      "kind" : "remoteSourceControl",
      "location" : "https://github.com/art-technologies/swift-focuser",
      "state" : {
        "revision" : "f874246f370218994469b74939b88d564be1f810",
        "version" : "0.2.0"
      }
    },
    {
      "identity" : "swiftui-introspect",
      "kind" : "remoteSourceControl",
      "location" : "https://github.com/siteline/SwiftUI-Introspect.git",
      "state" : {
        "revision" : "f2616860a41f9d9932da412a8978fec79c06fe24",
        "version" : "0.1.4"
      }
    }
  ],
  "version" : 2
}
